
Microsoft Visual Studio Solution File, Format Version 12.00
# Visual Studio Version 17
VisualStudioVersion = 17.1.32407.343
MinimumVisualStudioVersion = 10.0.40219.1
Project("{FAE04EC0-301F-11D3-BF4B-00C04F79EFBC}") = "MISA.Web04.Api", "MISA.Web04.Api\MISA.Web04.Api.csproj", "{16C9AC4A-AB92-409B-BF42-90ACB535AF50}"
EndProject
Project("{FAE04EC0-301F-11D3-BF4B-00C04F79EFBC}") = "MISA.Web04.Core", "MISA.Web04.Core\MISA.Web04.Core.csproj", "{089EBF8F-EB28-44D4-951C-4A017C30BB0F}"
EndProject
Project("{FAE04EC0-301F-11D3-BF4B-00C04F79EFBC}") = "MISA.Web04.Infrastructure", "MISA.Web04.Infrastructure\MISA.Web04.Infrastructure.csproj", "{409038D7-62AC-4A20-864D-F8C90C4F0E5D}"
EndProject
Global
	GlobalSection(SolutionConfigurationPlatforms) = preSolution
		Debug|Any CPU = Debug|Any CPU
		Release|Any CPU = Release|Any CPU
	EndGlobalSection
	GlobalSection(ProjectConfigurationPlatforms) = postSolution
		{16C9AC4A-AB92-409B-BF42-90ACB535AF50}.Debug|Any CPU.ActiveCfg = Debug|Any CPU
		{16C9AC4A-AB92-409B-BF42-90ACB535AF50}.Debug|Any CPU.Build.0 = Debug|Any CPU
		{16C9AC4A-AB92-409B-BF42-90ACB535AF50}.Release|Any CPU.ActiveCfg = Release|Any CPU
		{16C9AC4A-AB92-409B-BF42-90ACB535AF50}.Release|Any CPU.Build.0 = Release|Any CPU
		{089EBF8F-EB28-44D4-951C-4A017C30BB0F}.Debug|Any CPU.ActiveCfg = Debug|Any CPU
		{089EBF8F-EB28-44D4-951C-4A017C30BB0F}.Debug|Any CPU.Build.0 = Debug|Any CPU
		{089EBF8F-EB28-44D4-951C-4A017C30BB0F}.Release|Any CPU.ActiveCfg = Release|Any CPU
		{089EBF8F-EB28-44D4-951C-4A017C30BB0F}.Release|Any CPU.Build.0 = Release|Any CPU
		{409038D7-62AC-4A20-864D-F8C90C4F0E5D}.Debug|Any CPU.ActiveCfg = Debug|Any CPU
		{409038D7-62AC-4A20-864D-F8C90C4F0E5D}.Debug|Any CPU.Build.0 = Debug|Any CPU
		{409038D7-62AC-4A20-864D-F8C90C4F0E5D}.Release|Any CPU.ActiveCfg = Release|Any CPU
		{409038D7-62AC-4A20-864D-F8C90C4F0E5D}.Release|Any CPU.Build.0 = Release|Any CPU
	EndGlobalSection
	GlobalSection(SolutionProperties) = preSolution
		HideSolutionNode = FALSE
	EndGlobalSection
	GlobalSection(ExtensibilityGlobals) = postSolution
		SolutionGuid = {96CA0CC4-1AD3-480A-AB21-A80E15635F2D}
	EndGlobalSection
EndGlobal
